<?xml version="1.0" encoding="utf-8"?>
<Project ToolsVersion="4.0" xmlns="http://schemas.microsoft.com/developer/msbuild/2003">
  <ItemGroup>
    <Filter Include="Source Files">
      <UniqueIdentifier>{4FC737F1-C7A5-4376-A066-2A32D752A2FF}</UniqueIdentifier>
      <Extensions>cpp;c;cc;cxx;c++;cppm;ixx;def;odl;idl;hpj;bat;asm;asmx</Extensions>
    </Filter>
    <Filter Include="Header Files">
      <UniqueIdentifier>{93995380-89BD-4b04-88EB-625FBE52EBFB}</UniqueIdentifier>
      <Extensions>h;hh;hpp;hxx;h++;hm;inl;inc;ipp;xsd</Extensions>
    </Filter>
    <Filter Include="Resource Files">
      <UniqueIdentifier>{67DA6AB6-F800-4c08-8B7A-83BB121AAD01}</UniqueIdentifier>
      <Extensions>rc;ico;cur;bmp;dlg;rc2;rct;bin;rgs;gif;jpg;jpeg;jpe;resx;tiff;tif;png;wav;mfcribbon-ms</Extensions>
    </Filter>
    <Filter Include="Header Files\2023">
      <UniqueIdentifier>{be7c68fa-0cd0-46d1-b084-f4e9da59d489}</UniqueIdentifier>
    </Filter>
    <Filter Include="Source Files\2023">
      <UniqueIdentifier>{c7745bc1-494d-4534-b0ff-459b11745e52}</UniqueIdentifier>
    </Filter>
    <Filter Include="Source Files\2024">
      <UniqueIdentifier>{cdd91c82-7c9a-4f3a-aa42-9309a7c9fc25}</UniqueIdentifier>
    </Filter>
    <Filter Include="Header Files\2024">
      <UniqueIdentifier>{74d2bda4-5280-4baf-ae28-51a742ef383f}</UniqueIdentifier>
    </Filter>
  </ItemGroup>
  <ItemGroup>
    <ClCompile Include="MPI-Zadaci.cpp">
      <Filter>Source Files</Filter>
    </ClCompile>
    <ClCompile Include="april2023.cpp">
      <Filter>Source Files\2023</Filter>
    </ClCompile>
    <ClCompile Include="januar2023.cpp">
      <Filter>Source Files\2023</Filter>
    </ClCompile>
    <ClCompile Include="racunske.cpp">
      <Filter>Source Files</Filter>
    </ClCompile>
    <ClCompile Include="jun2024.cpp">
      <Filter>Source Files\2024</Filter>
    </ClCompile>
    <ClCompile Include="januar2024.cpp">
      <Filter>Source Files\2024</Filter>
    </ClCompile>
  </ItemGroup>
  <ItemGroup>
    <ClInclude Include="MPI-Zadaci.h">
      <Filter>Header Files</Filter>
    </ClInclude>
    <ClInclude Include="common.h">
      <Filter>Header Files</Filter>
    </ClInclude>
    <ClInclude Include="april2023.h">
      <Filter>Header Files\2023</Filter>
    </ClInclude>
    <ClInclude Include="januar2023.h">
      <Filter>Header Files\2023</Filter>
    </ClInclude>
    <ClInclude Include="racunske.h">
      <Filter>Header Files</Filter>
    </ClInclude>
    <ClInclude Include="jun2024.h">
      <Filter>Header Files\2024</Filter>
    </ClInclude>
    <ClInclude Include="januar2024.h">
      <Filter>Header Files\2024</Filter>
    </ClInclude>
  </ItemGroup>
</Project>